// !$*UTF8*$!
{
	archiveVersion = 1;
	classes = {
	};
	objectVersion = 56;
	objects = {

/* Begin PBXBuildFile section */
		F43314052BF44971001D9C9A /* ShuffleButton.swift in Sources */ = {isa = PBXBuildFile; fileRef = F43314042BF44971001D9C9A /* ShuffleButton.swift */; };
		F4437E192BAC62AE00A01BDE /* Modifier.swift in Sources */ = {isa = PBXBuildFile; fileRef = F4437E182BAC62AE00A01BDE /* Modifier.swift */; };
		F45BB74E2B761B6900A6AF05 /* EditView.swift in Sources */ = {isa = PBXBuildFile; fileRef = F45BB74D2B761B6900A6AF05 /* EditView.swift */; };
		F4602AA02B7E0AF3007DC29E /* EditButton.swift in Sources */ = {isa = PBXBuildFile; fileRef = F4602A9F2B7E0AF3007DC29E /* EditButton.swift */; };
		F4F46CAC2B74E55D00BD9989 /* DataStore.swift in Sources */ = {isa = PBXBuildFile; fileRef = F4F46CAB2B74E55D00BD9989 /* DataStore.swift */; };
		F4F46CAE2B7501FD00BD9989 /* AddView.swift in Sources */ = {isa = PBXBuildFile; fileRef = F4F46CAD2B7501FD00BD9989 /* AddView.swift */; };
		F4F46CB02B75C0D400BD9989 /* AddButton.swift in Sources */ = {isa = PBXBuildFile; fileRef = F4F46CAF2B75C0D400BD9989 /* AddButton.swift */; };
		F4F6FA952B73B4EF009317B6 /* PowerWordTwo.swift in Sources */ = {isa = PBXBuildFile; fileRef = F4F6FA942B73B4EF009317B6 /* PowerWordTwo.swift */; };
		F4F6FA972B73B4EF009317B6 /* ContentView.swift in Sources */ = {isa = PBXBuildFile; fileRef = F4F6FA962B73B4EF009317B6 /* ContentView.swift */; };
		F4F6FA992B73B4F0009317B6 /* Assets.xcassets in Resources */ = {isa = PBXBuildFile; fileRef = F4F6FA982B73B4F0009317B6 /* Assets.xcassets */; };
		F4F6FA9C2B73B4F0009317B6 /* Preview Assets.xcassets in Resources */ = {isa = PBXBuildFile; fileRef = F4F6FA9B2B73B4F0009317B6 /* Preview Assets.xcassets */; };
		F4F6FAA32B74DF92009317B6 /* HomeView.swift in Sources */ = {isa = PBXBuildFile; fileRef = F4F6FAA22B74DF92009317B6 /* HomeView.swift */; };
		F4F6FAA52B74DFB2009317B6 /* ListView.swift in Sources */ = {isa = PBXBuildFile; fileRef = F4F6FAA42B74DFB2009317B6 /* ListView.swift */; };
		F4F6FAA72B74E0EC009317B6 /* WordData.swift in Sources */ = {isa = PBXBuildFile; fileRef = F4F6FAA62B74E0EC009317B6 /* WordData.swift */; };
/* End PBXBuildFile section */

/* Begin PBXFileReference section */
		F43314042BF44971001D9C9A /* ShuffleButton.swift */ = {isa = PBXFileReference; lastKnownFileType = sourcecode.swift; path = ShuffleButton.swift; sourceTree = "<group>"; };
		F4437E182BAC62AE00A01BDE /* Modifier.swift */ = {isa = PBXFileReference; lastKnownFileType = sourcecode.swift; path = Modifier.swift; sourceTree = "<group>"; };
		F45BB74D2B761B6900A6AF05 /* EditView.swift */ = {isa = PBXFileReference; lastKnownFileType = sourcecode.swift; path = EditView.swift; sourceTree = "<group>"; };
		F4602A9F2B7E0AF3007DC29E /* EditButton.swift */ = {isa = PBXFileReference; lastKnownFileType = sourcecode.swift; path = EditButton.swift; sourceTree = "<group>"; };
		F48B05332BD61A2300408926 /* DotShuffle-Info.plist */ = {isa = PBXFileReference; lastKnownFileType = text.plist; path = "DotShuffle-Info.plist"; sourceTree = "<group>"; };
		F4F46CAB2B74E55D00BD9989 /* DataStore.swift */ = {isa = PBXFileReference; lastKnownFileType = sourcecode.swift; path = DataStore.swift; sourceTree = "<group>"; };
		F4F46CAD2B7501FD00BD9989 /* AddView.swift */ = {isa = PBXFileReference; lastKnownFileType = sourcecode.swift; path = AddView.swift; sourceTree = "<group>"; };
		F4F46CAF2B75C0D400BD9989 /* AddButton.swift */ = {isa = PBXFileReference; lastKnownFileType = sourcecode.swift; path = AddButton.swift; sourceTree = "<group>"; };
		F4F6FA912B73B4EF009317B6 /* DotShuffle.app */ = {isa = PBXFileReference; explicitFileType = wrapper.application; includeInIndex = 0; path = DotShuffle.app; sourceTree = BUILT_PRODUCTS_DIR; };
		F4F6FA942B73B4EF009317B6 /* PowerWordTwo.swift */ = {isa = PBXFileReference; lastKnownFileType = sourcecode.swift; path = PowerWordTwo.swift; sourceTree = "<group>"; };
		F4F6FA962B73B4EF009317B6 /* ContentView.swift */ = {isa = PBXFileReference; lastKnownFileType = sourcecode.swift; path = ContentView.swift; sourceTree = "<group>"; };
		F4F6FA982B73B4F0009317B6 /* Assets.xcassets */ = {isa = PBXFileReference; lastKnownFileType = folder.assetcatalog; path = Assets.xcassets; sourceTree = "<group>"; };
		F4F6FA9B2B73B4F0009317B6 /* Preview Assets.xcassets */ = {isa = PBXFileReference; lastKnownFileType = folder.assetcatalog; path = "Preview Assets.xcassets"; sourceTree = "<group>"; };
		F4F6FAA22B74DF92009317B6 /* HomeView.swift */ = {isa = PBXFileReference; lastKnownFileType = sourcecode.swift; path = HomeView.swift; sourceTree = "<group>"; };
		F4F6FAA42B74DFB2009317B6 /* ListView.swift */ = {isa = PBXFileReference; lastKnownFileType = sourcecode.swift; path = ListView.swift; sourceTree = "<group>"; };
		F4F6FAA62B74E0EC009317B6 /* WordData.swift */ = {isa = PBXFileReference; lastKnownFileType = sourcecode.swift; path = WordData.swift; sourceTree = "<group>"; };
/* End PBXFileReference section */

/* Begin PBXFrameworksBuildPhase section */
		F4F6FA8E2B73B4EF009317B6 /* Frameworks */ = {
			isa = PBXFrameworksBuildPhase;
			buildActionMask = 2147483647;
			files = (
			);
			runOnlyForDeploymentPostprocessing = 0;
		};
/* End PBXFrameworksBuildPhase section */

/* Begin PBXGroup section */
		F4F6FA882B73B4EF009317B6 = {
			isa = PBXGroup;
			children = (
				F48B05332BD61A2300408926 /* DotShuffle-Info.plist */,
				F4F6FA932B73B4EF009317B6 /* PowerWordTwo */,
				F4F6FA922B73B4EF009317B6 /* Products */,
			);
			sourceTree = "<group>";
		};
		F4F6FA922B73B4EF009317B6 /* Products */ = {
			isa = PBXGroup;
			children = (
				F4F6FA912B73B4EF009317B6 /* DotShuffle.app */,
			);
			name = Products;
			sourceTree = "<group>";
		};
		F4F6FA932B73B4EF009317B6 /* PowerWordTwo */ = {
			isa = PBXGroup;
			children = (
				F4F6FA942B73B4EF009317B6 /* PowerWordTwo.swift */,
				F4F6FA962B73B4EF009317B6 /* ContentView.swift */,
				F4F6FAA22B74DF92009317B6 /* HomeView.swift */,
				F4F6FAA42B74DFB2009317B6 /* ListView.swift */,
				F43314042BF44971001D9C9A /* ShuffleButton.swift */,
				F4F46CAD2B7501FD00BD9989 /* AddView.swift */,
				F4F46CAF2B75C0D400BD9989 /* AddButton.swift */,
				F45BB74D2B761B6900A6AF05 /* EditView.swift */,
				F4602A9F2B7E0AF3007DC29E /* EditButton.swift */,
				F4F6FAA62B74E0EC009317B6 /* WordData.swift */,
				F4F46CAB2B74E55D00BD9989 /* DataStore.swift */,
				F4437E182BAC62AE00A01BDE /* Modifier.swift */,
				F4F6FA982B73B4F0009317B6 /* Assets.xcassets */,
				F4F6FA9A2B73B4F0009317B6 /* Preview Content */,
			);
			path = PowerWordTwo;
			sourceTree = "<group>";
		};
		F4F6FA9A2B73B4F0009317B6 /* Preview Content */ = {
			isa = PBXGroup;
			children = (
				F4F6FA9B2B73B4F0009317B6 /* Preview Assets.xcassets */,
			);
			path = "Preview Content";
			sourceTree = "<group>";
		};
/* End PBXGroup section */

/* Begin PBXNativeTarget section */
		F4F6FA902B73B4EF009317B6 /* DotShuffle */ = {
			isa = PBXNativeTarget;
			buildConfigurationList = F4F6FA9F2B73B4F0009317B6 /* Build configuration list for PBXNativeTarget "DotShuffle" */;
			buildPhases = (
				F4F6FA8D2B73B4EF009317B6 /* Sources */,
				F4F6FA8E2B73B4EF009317B6 /* Frameworks */,
				F4F6FA8F2B73B4EF009317B6 /* Resources */,
			);
			buildRules = (
			);
			dependencies = (
			);
			name = DotShuffle;
			productName = PowerWordTwo;
			productReference = F4F6FA912B73B4EF009317B6 /* DotShuffle.app */;
			productType = "com.apple.product-type.application";
		};
/* End PBXNativeTarget section */

/* Begin PBXProject section */
		F4F6FA892B73B4EF009317B6 /* Project object */ = {
			isa = PBXProject;
			attributes = {
				BuildIndependentTargetsInParallel = 1;
				LastSwiftUpdateCheck = 1520;
				LastUpgradeCheck = 1520;
				TargetAttributes = {
					F4F6FA902B73B4EF009317B6 = {
						CreatedOnToolsVersion = 15.2;
					};
				};
			};
			buildConfigurationList = F4F6FA8C2B73B4EF009317B6 /* Build configuration list for PBXProject "DotShuffle" */;
			compatibilityVersion = "Xcode 14.0";
			developmentRegion = en;
			hasScannedForEncodings = 0;
			knownRegions = (
				en,
				Base,
			);
			mainGroup = F4F6FA882B73B4EF009317B6;
			productRefGroup = F4F6FA922B73B4EF009317B6 /* Products */;
			projectDirPath = "";
			projectRoot = "";
			targets = (
				F4F6FA902B73B4EF009317B6 /* DotShuffle */,
			);
		};
/* End PBXProject section */

/* Begin PBXResourcesBuildPhase section */
		F4F6FA8F2B73B4EF009317B6 /* Resources */ = {
			isa = PBXResourcesBuildPhase;
			buildActionMask = 2147483647;
			files = (
				F4F6FA9C2B73B4F0009317B6 /* Preview Assets.xcassets in Resources */,
				F4F6FA992B73B4F0009317B6 /* Assets.xcassets in Resources */,
			);
			runOnlyForDeploymentPostprocessing = 0;
		};
/* End PBXResourcesBuildPhase section */

/* Begin PBXSourcesBuildPhase section */
		F4F6FA8D2B73B4EF009317B6 /* Sources */ = {
			isa = PBXSourcesBuildPhase;
			buildActionMask = 2147483647;
			files = (
				F4F46CAE2B7501FD00BD9989 /* AddView.swift in Sources */,
				F4F6FAA52B74DFB2009317B6 /* ListView.swift in Sources */,
				F4F46CAC2B74E55D00BD9989 /* DataStore.swift in Sources */,
				F43314052BF44971001D9C9A /* ShuffleButton.swift in Sources */,
				F4F6FAA32B74DF92009317B6 /* HomeView.swift in Sources */,
				F4F6FA972B73B4EF009317B6 /* ContentView.swift in Sources */,
				F4602AA02B7E0AF3007DC29E /* EditButton.swift in Sources */,
				F45BB74E2B761B6900A6AF05 /* EditView.swift in Sources */,
				F4F6FAA72B74E0EC009317B6 /* WordData.swift in Sources */,
				F4437E192BAC62AE00A01BDE /* Modifier.swift in Sources */,
				F4F6FA952B73B4EF009317B6 /* PowerWordTwo.swift in Sources */,
				F4F46CB02B75C0D400BD9989 /* AddButton.swift in Sources */,
			);
			runOnlyForDeploymentPostprocessing = 0;
		};
/* End PBXSourcesBuildPhase section */

/* Begin XCBuildConfiguration section */
		F4F6FA9D2B73B4F0009317B6 /* Debug */ = {
			isa = XCBuildConfiguration;
			buildSettings = {
				ALWAYS_SEARCH_USER_PATHS = NO;
				ASSETCATALOG_COMPILER_GENERATE_SWIFT_ASSET_SYMBOL_EXTENSIONS = YES;
				CLANG_ANALYZER_NONNULL = YES;
				CLANG_ANALYZER_NUMBER_OBJECT_CONVERSION = YES_AGGRESSIVE;
				CLANG_CXX_LANGUAGE_STANDARD = "gnu++20";
				CLANG_ENABLE_MODULES = YES;
				CLANG_ENABLE_OBJC_ARC = YES;
				CLANG_ENABLE_OBJC_WEAK = YES;
				CLANG_WARN_BLOCK_CAPTURE_AUTORELEASING = YES;
				CLANG_WARN_BOOL_CONVERSION = YES;
				CLANG_WARN_COMMA = YES;
				CLANG_WARN_CONSTANT_CONVERSION = YES;
				CLANG_WARN_DEPRECATED_OBJC_IMPLEMENTATIONS = YES;
				CLANG_WARN_DIRECT_OBJC_ISA_USAGE = YES_ERROR;
				CLANG_WARN_DOCUMENTATION_COMMENTS = YES;
				CLANG_WARN_EMPTY_BODY = YES;
				CLANG_WARN_ENUM_CONVERSION = YES;
				CLANG_WARN_INFINITE_RECURSION = YES;
				CLANG_WARN_INT_CONVERSION = YES;
				CLANG_WARN_NON_LITERAL_NULL_CONVERSION = YES;
				CLANG_WARN_OBJC_IMPLICIT_RETAIN_SELF = YES;
				CLANG_WARN_OBJC_LITERAL_CONVERSION = YES;
				CLANG_WARN_OBJC_ROOT_CLASS = YES_ERROR;
				CLANG_WARN_QUOTED_INCLUDE_IN_FRAMEWORK_HEADER = YES;
				CLANG_WARN_RANGE_LOOP_ANALYSIS = YES;
				CLANG_WARN_STRICT_PROTOTYPES = YES;
				CLANG_WARN_SUSPICIOUS_MOVE = YES;
				CLANG_WARN_UNGUARDED_AVAILABILITY = YES_AGGRESSIVE;
				CLANG_WARN_UNREACHABLE_CODE = YES;
				CLANG_WARN__DUPLICATE_METHOD_MATCH = YES;
				COPY_PHASE_STRIP = NO;
				DEBUG_INFORMATION_FORMAT = dwarf;
				ENABLE_STRICT_OBJC_MSGSEND = YES;
				ENABLE_TESTABILITY = YES;
				ENABLE_USER_SCRIPT_SANDBOXING = YES;
				GCC_C_LANGUAGE_STANDARD = gnu17;
				GCC_DYNAMIC_NO_PIC = NO;
				GCC_NO_COMMON_BLOCKS = YES;
				GCC_OPTIMIZATION_LEVEL = 0;
				GCC_PREPROCESSOR_DEFINITIONS = (
					"DEBUG=1",
					"$(inherited)",
				);
				GCC_WARN_64_TO_32_BIT_CONVERSION = YES;
				GCC_WARN_ABOUT_RETURN_TYPE = YES_ERROR;
				GCC_WARN_UNDECLARED_SELECTOR = YES;
				GCC_WARN_UNINITIALIZED_AUTOS = YES_AGGRESSIVE;
				GCC_WARN_UNUSED_FUNCTION = YES;
				GCC_WARN_UNUSED_VARIABLE = YES;
				IPHONEOS_DEPLOYMENT_TARGET = 17.2;
				LOCALIZATION_PREFERS_STRING_CATALOGS = YES;
				MTL_ENABLE_DEBUG_INFO = INCLUDE_SOURCE;
				MTL_FAST_MATH = YES;
				ONLY_ACTIVE_ARCH = YES;
				SDKROOT = iphoneos;
				SWIFT_ACTIVE_COMPILATION_CONDITIONS = "DEBUG $(inherited)";
				SWIFT_OPTIMIZATION_LEVEL = "-Onone";
			};
			name = Debug;
		};
		F4F6FA9E2B73B4F0009317B6 /* Release */ = {
			isa = XCBuildConfiguration;
			buildSettings = {
				ALWAYS_SEARCH_USER_PATHS = NO;
				ASSETCATALOG_COMPILER_GENERATE_SWIFT_ASSET_SYMBOL_EXTENSIONS = YES;
				CLANG_ANALYZER_NONNULL = YES;
				CLANG_ANALYZER_NUMBER_OBJECT_CONVERSION = YES_AGGRESSIVE;
				CLANG_CXX_LANGUAGE_STANDARD = "gnu++20";
				CLANG_ENABLE_MODULES = YES;
				CLANG_ENABLE_OBJC_ARC = YES;
				CLANG_ENABLE_OBJC_WEAK = YES;
				CLANG_WARN_BLOCK_CAPTURE_AUTORELEASING = YES;
				CLANG_WARN_BOOL_CONVERSION = YES;
				CLANG_WARN_COMMA = YES;
				CLANG_WARN_CONSTANT_CONVERSION = YES;
				CLANG_WARN_DEPRECATED_OBJC_IMPLEMENTATIONS = YES;
				CLANG_WARN_DIRECT_OBJC_ISA_USAGE = YES_ERROR;
				CLANG_WARN_DOCUMENTATION_COMMENTS = YES;
				CLANG_WARN_EMPTY_BODY = YES;
				CLANG_WARN_ENUM_CONVERSION = YES;
				CLANG_WARN_INFINITE_RECURSION = YES;
				CLANG_WARN_INT_CONVERSION = YES;
				CLANG_WARN_NON_LITERAL_NULL_CONVERSION = YES;
				CLANG_WARN_OBJC_IMPLICIT_RETAIN_SELF = YES;
				CLANG_WARN_OBJC_LITERAL_CONVERSION = YES;
				CLANG_WARN_OBJC_ROOT_CLASS = YES_ERROR;
				CLANG_WARN_QUOTED_INCLUDE_IN_FRAMEWORK_HEADER = YES;
				CLANG_WARN_RANGE_LOOP_ANALYSIS = YES;
				CLANG_WARN_STRICT_PROTOTYPES = YES;
				CLANG_WARN_SUSPICIOUS_MOVE = YES;
				CLANG_WARN_UNGUARDED_AVAILABILITY = YES_AGGRESSIVE;
				CLANG_WARN_UNREACHABLE_CODE = YES;
				CLANG_WARN__DUPLICATE_METHOD_MATCH = YES;
				COPY_PHASE_STRIP = NO;
				DEBUG_INFORMATION_FORMAT = "dwarf-with-dsym";
				ENABLE_NS_ASSERTIONS = NO;
				ENABLE_STRICT_OBJC_MSGSEND = YES;
				ENABLE_USER_SCRIPT_SANDBOXING = YES;
				GCC_C_LANGUAGE_STANDARD = gnu17;
				GCC_NO_COMMON_BLOCKS = YES;
				GCC_WARN_64_TO_32_BIT_CONVERSION = YES;
				GCC_WARN_ABOUT_RETURN_TYPE = YES_ERROR;
				GCC_WARN_UNDECLARED_SELECTOR = YES;
				GCC_WARN_UNINITIALIZED_AUTOS = YES_AGGRESSIVE;
				GCC_WARN_UNUSED_FUNCTION = YES;
				GCC_WARN_UNUSED_VARIABLE = YES;
				IPHONEOS_DEPLOYMENT_TARGET = 17.2;
				LOCALIZATION_PREFERS_STRING_CATALOGS = YES;
				MTL_ENABLE_DEBUG_INFO = NO;
				MTL_FAST_MATH = YES;
				SDKROOT = iphoneos;
				SWIFT_COMPILATION_MODE = wholemodule;
				VALIDATE_PRODUCT = YES;
			};
			name = Release;
		};
		F4F6FAA02B73B4F0009317B6 /* Debug */ = {
			isa = XCBuildConfiguration;
			buildSettings = {
				ASSETCATALOG_COMPILER_APPICON_NAME = AppIcon;
				ASSETCATALOG_COMPILER_GLOBAL_ACCENT_COLOR_NAME = AccentColor;
				CODE_SIGN_STYLE = Automatic;
				CURRENT_PROJECT_VERSION = 1;
				DEVELOPMENT_ASSET_PATHS = "\"PowerWordTwo/Preview Content\"";
				DEVELOPMENT_TEAM = D7SCNS9KT5;
				ENABLE_PREVIEWS = YES;
				GENERATE_INFOPLIST_FILE = YES;
				INFOPLIST_FILE = "DotShuffle-Info.plist";
				INFOPLIST_KEY_UIApplicationSceneManifest_Generation = YES;
				INFOPLIST_KEY_UIApplicationSupportsIndirectInputEvents = YES;
				INFOPLIST_KEY_UILaunchScreen_Generation = YES;
				INFOPLIST_KEY_UISupportedInterfaceOrientations_iPad = "UIInterfaceOrientationPortrait UIInterfaceOrientationPortraitUpsideDown UIInterfaceOrientationLandscapeLeft UIInterfaceOrientationLandscapeRight";
				INFOPLIST_KEY_UISupportedInterfaceOrientations_iPhone = "UIInterfaceOrientationPortrait UIInterfaceOrientationLandscapeLeft UIInterfaceOrientationLandscapeRight";
				IPHONEOS_DEPLOYMENT_TARGET = 17.2;
				LD_RUNPATH_SEARCH_PATHS = (
					"$(inherited)",
					"@executable_path/Frameworks",
				);
				MARKETING_VERSION = 1.1;
				PRODUCT_BUNDLE_IDENTIFIER = com.jeyearthblog.PowerWordTwo.PowerWordTwo;
				PRODUCT_NAME = "$(TARGET_NAME)";
				SWIFT_EMIT_LOC_STRINGS = YES;
				SWIFT_VERSION = 5.0;
				TARGETED_DEVICE_FAMILY = "1,2";
			};
			name = Debug;
		};
		F4F6FAA12B73B4F0009317B6 /* Release */ = {
			isa = XCBuildConfiguration;
			buildSettings = {
				ASSETCATALOG_COMPILER_APPICON_NAME = AppIcon;
				ASSETCATALOG_COMPILER_GLOBAL_ACCENT_COLOR_NAME = AccentColor;
				CODE_SIGN_STYLE = Automatic;
				CURRENT_PROJECT_VERSION = 1;
				DEVELOPMENT_ASSET_PATHS = "\"PowerWordTwo/Preview Content\"";
				DEVELOPMENT_TEAM = D7SCNS9KT5;
				ENABLE_PREVIEWS = YES;
				GENERATE_INFOPLIST_FILE = YES;
				INFOPLIST_FILE = "DotShuffle-Info.plist";
				INFOPLIST_KEY_UIApplicationSceneManifest_Generation = YES;
				INFOPLIST_KEY_UIApplicationSupportsIndirectInputEvents = YES;
				INFOPLIST_KEY_UILaunchScreen_Generation = YES;
				INFOPLIST_KEY_UISupportedInterfaceOrientations_iPad = "UIInterfaceOrientationPortrait UIInterfaceOrientationPortraitUpsideDown UIInterfaceOrientationLandscapeLeft UIInterfaceOrientationLandscapeRight";
				INFOPLIST_KEY_UISupportedInterfaceOrientations_iPhone = "UIInterfaceOrientationPortrait UIInterfaceOrientationLandscapeLeft UIInterfaceOrientationLandscapeRight";
				IPHONEOS_DEPLOYMENT_TARGET = 17.2;
				LD_RUNPATH_SEARCH_PATHS = (
					"$(inherited)",
					"@executable_path/Frameworks",
				);
				MARKETING_VERSION = 1.1;
				PRODUCT_BUNDLE_IDENTIFIER = com.jeyearthblog.PowerWordTwo.PowerWordTwo;
				PRODUCT_NAME = "$(TARGET_NAME)";
				SWIFT_EMIT_LOC_STRINGS = YES;
				SWIFT_VERSION = 5.0;
				TARGETED_DEVICE_FAMILY = "1,2";
			};
			name = Release;
		};
/* End XCBuildConfiguration section */

/* Begin XCConfigurationList section */
		F4F6FA8C2B73B4EF009317B6 /* Build configuration list for PBXProject "DotShuffle" */ = {
			isa = XCConfigurationList;
			buildConfigurations = (
				F4F6FA9D2B73B4F0009317B6 /* Debug */,
				F4F6FA9E2B73B4F0009317B6 /* Release */,
			);
			defaultConfigurationIsVisible = 0;
			defaultConfigurationName = Release;
		};
		F4F6FA9F2B73B4F0009317B6 /* Build configuration list for PBXNativeTarget "DotShuffle" */ = {
			isa = XCConfigurationList;
			buildConfigurations = (
				F4F6FAA02B73B4F0009317B6 /* Debug */,
				F4F6FAA12B73B4F0009317B6 /* Release */,
			);
			defaultConfigurationIsVisible = 0;
			defaultConfigurationName = Release;
		};
/* End XCConfigurationList section */
	};
	rootObject = F4F6FA892B73B4EF009317B6 /* Project object */;
}
